
Microsoft Visual Studio Solution File, Format Version 12.00
# Visual Studio Version 16
VisualStudioVersion = 16.0.32413.511
MinimumVisualStudioVersion = 10.0.40219.1
Project("{FAE04EC0-301F-11D3-BF4B-00C04F79EFBC}") = "Shopping List", "Shopping List\Shopping List.csproj", "{ED30303A-9ADB-4EE0-AE69-FDB8E390FFFA}"
EndProject
Global
	GlobalSection(SolutionConfigurationPlatforms) = preSolution
		Debug|Any CPU = Debug|Any CPU
		Release|Any CPU = Release|Any CPU
	EndGlobalSection
	GlobalSection(ProjectConfigurationPlatforms) = postSolution
		{ED30303A-9ADB-4EE0-AE69-FDB8E390FFFA}.Debug|Any CPU.ActiveCfg = Debug|Any CPU
		{ED30303A-9ADB-4EE0-AE69-FDB8E390FFFA}.Debug|Any CPU.Build.0 = Debug|Any CPU
		{ED30303A-9ADB-4EE0-AE69-FDB8E390FFFA}.Release|Any CPU.ActiveCfg = Release|Any CPU
		{ED30303A-9ADB-4EE0-AE69-FDB8E390FFFA}.Release|Any CPU.Build.0 = Release|Any CPU
	EndGlobalSection
	GlobalSection(SolutionProperties) = preSolution
		HideSolutionNode = FALSE
	EndGlobalSection
	GlobalSection(ExtensibilityGlobals) = postSolution
		SolutionGuid = {14F3B9D8-D0C3-45E8-9D1D-813776719A7E}
	EndGlobalSection
EndGlobal
